
Microsoft Visual Studio Solution File, Format Version 12.00
# Visual Studio 15
VisualStudioVersion = 15.0.28307.168
MinimumVisualStudioVersion = 10.0.40219.1
Project("{FAE04EC0-301F-11D3-BF4B-00C04F79EFBC}") = "ASQL_Andon_Display", "ASQL_Andon_Display\ASQL_Andon_Display.csproj", "{A1540277-45DC-4CFD-B85D-3A2B4126157E}"
EndProject
Project("{FAE04EC0-301F-11D3-BF4B-00C04F79EFBC}") = "ASQL_Line_Status", "ASQL_Line_Status\ASQL_Line_Status.csproj", "{0A184AEA-5605-4717-821C-92747245B540}"
EndProject
Global
	GlobalSection(SolutionConfigurationPlatforms) = preSolution
		Debug|Any CPU = Debug|Any CPU
		Release|Any CPU = Release|Any CPU
	EndGlobalSection
	GlobalSection(ProjectConfigurationPlatforms) = postSolution
		{A1540277-45DC-4CFD-B85D-3A2B4126157E}.Debug|Any CPU.ActiveCfg = Debug|Any CPU
		{A1540277-45DC-4CFD-B85D-3A2B4126157E}.Debug|Any CPU.Build.0 = Debug|Any CPU
		{A1540277-45DC-4CFD-B85D-3A2B4126157E}.Release|Any CPU.ActiveCfg = Release|Any CPU
		{A1540277-45DC-4CFD-B85D-3A2B4126157E}.Release|Any CPU.Build.0 = Release|Any CPU
		{0A184AEA-5605-4717-821C-92747245B540}.Debug|Any CPU.ActiveCfg = Debug|Any CPU
		{0A184AEA-5605-4717-821C-92747245B540}.Debug|Any CPU.Build.0 = Debug|Any CPU
		{0A184AEA-5605-4717-821C-92747245B540}.Release|Any CPU.ActiveCfg = Release|Any CPU
		{0A184AEA-5605-4717-821C-92747245B540}.Release|Any CPU.Build.0 = Release|Any CPU
	EndGlobalSection
	GlobalSection(SolutionProperties) = preSolution
		HideSolutionNode = FALSE
	EndGlobalSection
	GlobalSection(ExtensibilityGlobals) = postSolution
		SolutionGuid = {BE4E9CEB-7561-4B00-A121-574C414B1644}
	EndGlobalSection
EndGlobal
